
Microsoft Visual Studio Solution File, Format Version 12.00
# Visual Studio Version 17
VisualStudioVersion = 17.13.35913.81 d17.13
MinimumVisualStudioVersion = 10.0.40219.1
Project("{FAE04EC0-301F-11D3-BF4B-00C04F79EFBC}") = "DragonFarm", "DragonFarm.csproj", "{3506FFAA-18FB-4763-9CA0-CF7C0CFD86AA}"
EndProject
Global
	GlobalSection(SolutionConfigurationPlatforms) = preSolution
		Debug|Any CPU = Debug|Any CPU
		Release|Any CPU = Release|Any CPU
	EndGlobalSection
	GlobalSection(ProjectConfigurationPlatforms) = postSolution
		{3506FFAA-18FB-4763-9CA0-CF7C0CFD86AA}.Debug|Any CPU.ActiveCfg = Debug|Any CPU
		{3506FFAA-18FB-4763-9CA0-CF7C0CFD86AA}.Debug|Any CPU.Build.0 = Debug|Any CPU
		{3506FFAA-18FB-4763-9CA0-CF7C0CFD86AA}.Release|Any CPU.ActiveCfg = Release|Any CPU
		{3506FFAA-18FB-4763-9CA0-CF7C0CFD86AA}.Release|Any CPU.Build.0 = Release|Any CPU
	EndGlobalSection
	GlobalSection(SolutionProperties) = preSolution
		HideSolutionNode = FALSE
	EndGlobalSection
	GlobalSection(ExtensibilityGlobals) = postSolution
		SolutionGuid = {3AB1ADDD-4A3C-42EB-895C-26F3DA6C311C}
	EndGlobalSection
EndGlobal
